
Microsoft Visual Studio Solution File, Format Version 12.00
# Visual Studio Version 16
VisualStudioVersion = 16.0.30907.101
MinimumVisualStudioVersion = 10.0.40219.1
Project("{FAE04EC0-301F-11D3-BF4B-00C04F79EFBC}") = "Foods_Interference", "Foods_Interference\Foods_Interference.csproj", "{54F76E11-912C-4067-9288-58BCEF6F2726}"
EndProject
Global
	GlobalSection(SolutionConfigurationPlatforms) = preSolution
		Debug|Any CPU = Debug|Any CPU
		Release|Any CPU = Release|Any CPU
	EndGlobalSection
	GlobalSection(ProjectConfigurationPlatforms) = postSolution
		{54F76E11-912C-4067-9288-58BCEF6F2726}.Debug|Any CPU.ActiveCfg = Debug|Any CPU
		{54F76E11-912C-4067-9288-58BCEF6F2726}.Debug|Any CPU.Build.0 = Debug|Any CPU
		{54F76E11-912C-4067-9288-58BCEF6F2726}.Release|Any CPU.ActiveCfg = Release|Any CPU
		{54F76E11-912C-4067-9288-58BCEF6F2726}.Release|Any CPU.Build.0 = Release|Any CPU
	EndGlobalSection
	GlobalSection(SolutionProperties) = preSolution
		HideSolutionNode = FALSE
	EndGlobalSection
	GlobalSection(ExtensibilityGlobals) = postSolution
		SolutionGuid = {A8341102-B70B-438D-96CE-098E426464A3}
	EndGlobalSection
EndGlobal
